
Microsoft Visual Studio Solution File, Format Version 12.00
# Visual Studio 15
Project("{FAE04EC0-301F-11D3-BF4B-00C04F79EFBC}") = "DoTween and Behavior Designer", "DoTween and Behavior Designer.csproj", "{64FADB11-E7DC-B2E7-2493-3EA511AFAFB8}"
EndProject
Project("{FAE04EC0-301F-11D3-BF4B-00C04F79EFBC}") = "DoTween and Behavior Designer.Editor", "DoTween and Behavior Designer.Editor.csproj", "{AABE3A5A-646F-8FDD-EF29-AC708EEAF5EA}"
EndProject
Global
	GlobalSection(SolutionConfigurationPlatforms) = preSolution
		Debug|Any CPU = Debug|Any CPU
		Release|Any CPU = Release|Any CPU
	EndGlobalSection
	GlobalSection(ProjectConfigurationPlatforms) = postSolution
		{64FADB11-E7DC-B2E7-2493-3EA511AFAFB8}.Debug|Any CPU.ActiveCfg = Debug|Any CPU
		{64FADB11-E7DC-B2E7-2493-3EA511AFAFB8}.Debug|Any CPU.Build.0 = Debug|Any CPU
		{64FADB11-E7DC-B2E7-2493-3EA511AFAFB8}.Release|Any CPU.ActiveCfg = Release|Any CPU
		{64FADB11-E7DC-B2E7-2493-3EA511AFAFB8}.Release|Any CPU.Build.0 = Release|Any CPU
		{AABE3A5A-646F-8FDD-EF29-AC708EEAF5EA}.Debug|Any CPU.ActiveCfg = Debug|Any CPU
		{AABE3A5A-646F-8FDD-EF29-AC708EEAF5EA}.Debug|Any CPU.Build.0 = Debug|Any CPU
		{AABE3A5A-646F-8FDD-EF29-AC708EEAF5EA}.Release|Any CPU.ActiveCfg = Release|Any CPU
		{AABE3A5A-646F-8FDD-EF29-AC708EEAF5EA}.Release|Any CPU.Build.0 = Release|Any CPU
	EndGlobalSection
	GlobalSection(SolutionProperties) = preSolution
		HideSolutionNode = FALSE
	EndGlobalSection
EndGlobal
